
Microsoft Visual Studio Solution File, Format Version 12.00
Project("{FAE04EC0-301F-11D3-BF4B-00C04F79EFBC}") = "First", "First\First.csproj", "{51A00EB5-6E2B-4152-9C8D-9C25E2D7AA57}"
EndProject
Project("{FAE04EC0-301F-11D3-BF4B-00C04F79EFBC}") = "ClassLibraryForFirst", "ClassLibraryForFirst\ClassLibraryForFirst.csproj", "{DD45281E-F046-4D97-B4E7-AB919EF5E708}"
EndProject
Project("{FAE04EC0-301F-11D3-BF4B-00C04F79EFBC}") = "Second", "Second\Second.csproj", "{FFCFF5C6-1A7D-47C5-ABC5-B1BCA3283451}"
EndProject
Global
	GlobalSection(SolutionConfigurationPlatforms) = preSolution
		Debug|Any CPU = Debug|Any CPU
		Release|Any CPU = Release|Any CPU
	EndGlobalSection
	GlobalSection(ProjectConfigurationPlatforms) = postSolution
		{51A00EB5-6E2B-4152-9C8D-9C25E2D7AA57}.Debug|Any CPU.ActiveCfg = Debug|Any CPU
		{51A00EB5-6E2B-4152-9C8D-9C25E2D7AA57}.Debug|Any CPU.Build.0 = Debug|Any CPU
		{51A00EB5-6E2B-4152-9C8D-9C25E2D7AA57}.Release|Any CPU.ActiveCfg = Release|Any CPU
		{51A00EB5-6E2B-4152-9C8D-9C25E2D7AA57}.Release|Any CPU.Build.0 = Release|Any CPU
		{DD45281E-F046-4D97-B4E7-AB919EF5E708}.Debug|Any CPU.ActiveCfg = Debug|Any CPU
		{DD45281E-F046-4D97-B4E7-AB919EF5E708}.Debug|Any CPU.Build.0 = Debug|Any CPU
		{DD45281E-F046-4D97-B4E7-AB919EF5E708}.Release|Any CPU.ActiveCfg = Release|Any CPU
		{DD45281E-F046-4D97-B4E7-AB919EF5E708}.Release|Any CPU.Build.0 = Release|Any CPU
		{FFCFF5C6-1A7D-47C5-ABC5-B1BCA3283451}.Debug|Any CPU.ActiveCfg = Debug|Any CPU
		{FFCFF5C6-1A7D-47C5-ABC5-B1BCA3283451}.Debug|Any CPU.Build.0 = Debug|Any CPU
		{FFCFF5C6-1A7D-47C5-ABC5-B1BCA3283451}.Release|Any CPU.ActiveCfg = Release|Any CPU
		{FFCFF5C6-1A7D-47C5-ABC5-B1BCA3283451}.Release|Any CPU.Build.0 = Release|Any CPU
	EndGlobalSection
EndGlobal
